<?xml version="1.0" encoding="UTF-8"?>
<Scheme
   LastUpgradeVersion = "1100"
   version = "1.3">
   <BuildAction
      parallelizeBuildables = "YES"
      buildImplicitDependencies = "YES">
      <BuildActionEntries>
         <BuildActionEntry
            buildForTesting = "YES"
            buildForRunning = "YES"
            buildForProfiling = "YES"
            buildForArchiving = "YES"
            buildForAnalyzing = "YES">
            <BuildableReference
               BuildableIdentifier = "primary"
               BlueprintIdentifier = "1DC7E9302366E6BD006DBA10"
               BuildableName = "TFApp.app"
               BlueprintName = "TFApp"
               ReferencedContainer = "container:TFApp.xcodeproj">
            </BuildableReference>
         </BuildActionEntry>
      </BuildActionEntries>
   </BuildAction>
   <TestAction
      buildConfiguration = "Debug DEV"
      selectedDebuggerIdentifier = "Xcode.DebuggerFoundation.Debugger.LLDB"
      selectedLauncherIdentifier = "Xcode.DebuggerFoundation.Launcher.LLDB"
      shouldUseLaunchSchemeArgsEnv = "YES"
      codeCoverageEnabled = "YES"
      onlyGenerateCoverageForSpecifiedTargets = "YES">
      <CodeCoverageTargets>
         <BuildableReference
            BuildableIdentifier = "primary"
            BlueprintIdentifier = "1DC7E9302366E6BD006DBA10"
            BuildableName = "TFApp.app"
            BlueprintName = "TFApp"
            ReferencedContainer = "container:TFApp.xcodeproj">
         </BuildableReference>
         <BuildableReference
            BuildableIdentifier = "primary"
            BlueprintIdentifier = "1DC7E9682366E75F006DBA10"
            BuildableName = "TFData.framework"
            BlueprintName = "TFData"
            ReferencedContainer = "container:TFApp.xcodeproj">
         </BuildableReference>
         <BuildableReference
            BuildableIdentifier = "primary"
            BlueprintIdentifier = "1DC7E98B2366E76B006DBA10"
            BuildableName = "TFDomain.framework"
            BlueprintName = "TFDomain"
            ReferencedContainer = "container:TFApp.xcodeproj">
         </BuildableReference>
         <BuildableReference
            BuildableIdentifier = "primary"
            BlueprintIdentifier = "1DC7E9D12366E7DC006DBA10"
            BuildableName = "TFExtensions.framework"
            BlueprintName = "TFExtensions"
            ReferencedContainer = "container:TFApp.xcodeproj">
         </BuildableReference>
         <BuildableReference
            BuildableIdentifier = "primary"
            BlueprintIdentifier = "1DC7E9AD2366E774006DBA10"
            BuildableName = "TFPresentation.framework"
            BlueprintName = "TFPresentation"
            ReferencedContainer = "container:TFApp.xcodeproj">
         </BuildableReference>
      </CodeCoverageTargets>
      <Testables>
         <TestableReference
            skipped = "NO">
            <BuildableReference
               BuildableIdentifier = "primary"
               BlueprintIdentifier = "1DC7E9462366E6BE006DBA10"
               BuildableName = "TFAppTests.xctest"
               BlueprintName = "TFAppTests"
               ReferencedContainer = "container:TFApp.xcodeproj">
            </BuildableReference>
         </TestableReference>
         <TestableReference
            skipped = "YES">
            <BuildableReference
               BuildableIdentifier = "primary"
               BlueprintIdentifier = "1DC7E9512366E6BE006DBA10"
               BuildableName = "TFAppUITests.xctest"
               BlueprintName = "TFAppUITests"
               ReferencedContainer = "container:TFApp.xcodeproj">
            </BuildableReference>
         </TestableReference>
         <TestableReference
            skipped = "NO">
            <BuildableReference
               BuildableIdentifier = "primary"
               BlueprintIdentifier = "1DC7E9702366E75F006DBA10"
               BuildableName = "TFDataTests.xctest"
               BlueprintName = "TFDataTests"
               ReferencedContainer = "container:TFApp.xcodeproj">
            </BuildableReference>
         </TestableReference>
         <TestableReference
            skipped = "NO">
            <BuildableReference
               BuildableIdentifier = "primary"
               BlueprintIdentifier = "1DC7E9932366E76B006DBA10"
               BuildableName = "TFDomainTests.xctest"
               BlueprintName = "TFDomainTests"
               ReferencedContainer = "container:TFApp.xcodeproj">
            </BuildableReference>
         </TestableReference>
         <TestableReference
            skipped = "NO">
            <BuildableReference
               BuildableIdentifier = "primary"
               BlueprintIdentifier = "1DC7E9B52366E774006DBA10"
               BuildableName = "TFPresentationTests.xctest"
               BlueprintName = "TFPresentationTests"
               ReferencedContainer = "container:TFApp.xcodeproj">
            </BuildableReference>
         </TestableReference>
         <TestableReference
            skipped = "NO">
            <BuildableReference
               BuildableIdentifier = "primary"
               BlueprintIdentifier = "1DC7E9D92366E7DC006DBA10"
               BuildableName = "TFExtensionsTests.xctest"
               BlueprintName = "TFExtensionsTests"
               ReferencedContainer = "container:TFApp.xcodeproj">
            </BuildableReference>
         </TestableReference>
      </Testables>
   </TestAction>
   <LaunchAction
      buildConfiguration = "Debug DEV"
      selectedDebuggerIdentifier = "Xcode.DebuggerFoundation.Debugger.LLDB"
      selectedLauncherIdentifier = "Xcode.DebuggerFoundation.Launcher.LLDB"
      launchStyle = "0"
      useCustomWorkingDirectory = "NO"
      ignoresPersistentStateOnLaunch = "NO"
      debugDocumentVersioning = "YES"
      debugServiceExtension = "internal"
      allowLocationSimulation = "YES">
      <BuildableProductRunnable
         runnableDebuggingMode = "0">
         <BuildableReference
            BuildableIdentifier = "primary"
            BlueprintIdentifier = "1DC7E9302366E6BD006DBA10"
            BuildableName = "TFApp.app"
            BlueprintName = "TFApp"
            ReferencedContainer = "container:TFApp.xcodeproj">
         </BuildableReference>
      </BuildableProductRunnable>
   </LaunchAction>
   <ProfileAction
      buildConfiguration = "Release QA DEV"
      shouldUseLaunchSchemeArgsEnv = "YES"
      savedToolIdentifier = ""
      useCustomWorkingDirectory = "NO"
      debugDocumentVersioning = "YES">
      <BuildableProductRunnable
         runnableDebuggingMode = "0">
         <BuildableReference
            BuildableIdentifier = "primary"
            BlueprintIdentifier = "1DC7E9302366E6BD006DBA10"
            BuildableName = "TFApp.app"
            BlueprintName = "TFApp"
            ReferencedContainer = "container:TFApp.xcodeproj">
         </BuildableReference>
      </BuildableProductRunnable>
   </ProfileAction>
   <AnalyzeAction
      buildConfiguration = "Debug DEV">
   </AnalyzeAction>
   <ArchiveAction
      buildConfiguration = "Release AppStore"
      revealArchiveInOrganizer = "YES">
   </ArchiveAction>
</Scheme>
